{
  "name": "3-metalog-native-server",
  "version": "1.0.0",
  "lockfileVersion": 2,
  "requires": true,
  "packages": {
    "": {
      "name": "3-metalog-native-server",
      "version": "1.0.0",
      "license": "ISC",
      "dependencies": {
        "metalog": "^3.1.9"
      }
    },
    "node_modules/concolor": {
      "version": "1.0.3",
      "resolved": "https://registry.npmjs.org/concolor/-/concolor-1.0.3.tgz",
      "integrity": "sha512-fA6KxucO7k0mKJ1nKyV1jFC6clcIsvhogXLHRUJkLd5aB2WyB5iNvushcHBpD6ZCH1sAOdhmR3NgpJls5qNXAA==",
      "engines": {
        "node": "14 || 16 || 18"
      },
      "funding": {
        "type": "patreon",
        "url": "https://www.patreon.com/tshemsedinov"
      }
    },
    "node_modules/metalog": {
      "version": "3.1.9",
      "resolved": "https://registry.npmjs.org/metalog/-/metalog-3.1.9.tgz",
      "integrity": "sha512-5ElrmxTF6IU2Q3ldH/seFDJaVGECiGkstqlombiVfq9y0s1dv72m+iYUwX7El1hhm7FhRVvjQrVmCoxTnqtHMA==",
      "dependencies": {
        "concolor": "^1.0.3",
        "metautil": "^3.5.21"
      },
      "engines": {
        "node": "14 || 16 || 18"
      },
      "funding": {
        "type": "patreon",
        "url": "https://www.patreon.com/tshemsedinov"
      }
    },
    "node_modules/metautil": {
      "version": "3.5.24",
      "resolved": "https://registry.npmjs.org/metautil/-/metautil-3.5.24.tgz",
      "integrity": "sha512-D4y/H53FhR+vbmy/HD4BL7FCxNtihfWEyLed8cNE33nQ3sunxH4yPC1+FuFWuI3O5FdFjW7XGU6OW/HnpGbpGg==",
      "engines": {
        "node": "14 || 16 || 18"
      },
      "funding": {
        "type": "patreon",
        "url": "https://www.patreon.com/tshemsedinov"
      }
    }
  },
  "dependencies": {
    "concolor": {
      "version": "1.0.3",
      "resolved": "https://registry.npmjs.org/concolor/-/concolor-1.0.3.tgz",
      "integrity": "sha512-fA6KxucO7k0mKJ1nKyV1jFC6clcIsvhogXLHRUJkLd5aB2WyB5iNvushcHBpD6ZCH1sAOdhmR3NgpJls5qNXAA=="
    },
    "metalog": {
      "version": "3.1.9",
      "resolved": "https://registry.npmjs.org/metalog/-/metalog-3.1.9.tgz",
      "integrity": "sha512-5ElrmxTF6IU2Q3ldH/seFDJaVGECiGkstqlombiVfq9y0s1dv72m+iYUwX7El1hhm7FhRVvjQrVmCoxTnqtHMA==",
      "requires": {
        "concolor": "^1.0.3",
        "metautil": "^3.5.21"
      }
    },
    "metautil": {
      "version": "3.5.24",
      "resolved": "https://registry.npmjs.org/metautil/-/metautil-3.5.24.tgz",
      "integrity": "sha512-D4y/H53FhR+vbmy/HD4BL7FCxNtihfWEyLed8cNE33nQ3sunxH4yPC1+FuFWuI3O5FdFjW7XGU6OW/HnpGbpGg=="
    }
  }
}
